// !$*UTF8*$!
{
	archiveVersion = 1;
	classes = {
	};
	objectVersion = 46;
	objects = {

/* Begin PBXBuildFile section */
		04B87D5E1D3A61DB005AD6BF /* main.m in Sources */ = {isa = PBXBuildFile; fileRef = 04B87D5D1D3A61DB005AD6BF /* main.m */; };
		04B87D611D3A61DB005AD6BF /* AppDelegate.m in Sources */ = {isa = PBXBuildFile; fileRef = 04B87D601D3A61DB005AD6BF /* AppDelegate.m */; };
		04B87D641D3A61DB005AD6BF /* ViewController.m in Sources */ = {isa = PBXBuildFile; fileRef = 04B87D631D3A61DB005AD6BF /* ViewController.m */; };
		04B87D671D3A61DB005AD6BF /* Main.storyboard in Resources */ = {isa = PBXBuildFile; fileRef = 04B87D651D3A61DB005AD6BF /* Main.storyboard */; };
		04B87D691D3A61DB005AD6BF /* Assets.xcassets in Resources */ = {isa = PBXBuildFile; fileRef = 04B87D681D3A61DB005AD6BF /* Assets.xcassets */; };
		04B87D6C1D3A61DB005AD6BF /* LaunchScreen.storyboard in Resources */ = {isa = PBXBuildFile; fileRef = 04B87D6A1D3A61DB005AD6BF /* LaunchScreen.storyboard */; };
/* End PBXBuildFile section */

/* Begin PBXFileReference section */
		04B87D591D3A61DB005AD6BF /* Cover_Flow.app */ = {isa = PBXFileReference; explicitFileType = wrapper.application; includeInIndex = 0; path = Cover_Flow.app; sourceTree = BUILT_PRODUCTS_DIR; };
		04B87D5D1D3A61DB005AD6BF /* main.m */ = {isa = PBXFileReference; lastKnownFileType = sourcecode.c.objc; path = main.m; sourceTree = "<group>"; };
		04B87D5F1D3A61DB005AD6BF /* AppDelegate.h */ = {isa = PBXFileReference; lastKnownFileType = sourcecode.c.h; path = AppDelegate.h; sourceTree = "<group>"; };
		04B87D601D3A61DB005AD6BF /* AppDelegate.m */ = {isa = PBXFileReference; lastKnownFileType = sourcecode.c.objc; path = AppDelegate.m; sourceTree = "<group>"; };
		04B87D621D3A61DB005AD6BF /* ViewController.h */ = {isa = PBXFileReference; lastKnownFileType = sourcecode.c.h; path = ViewController.h; sourceTree = "<group>"; };
		04B87D631D3A61DB005AD6BF /* ViewController.m */ = {isa = PBXFileReference; lastKnownFileType = sourcecode.c.objc; path = ViewController.m; sourceTree = "<group>"; };
		04B87D661D3A61DB005AD6BF /* Base */ = {isa = PBXFileReference; lastKnownFileType = file.storyboard; name = Base; path = Base.lproj/Main.storyboard; sourceTree = "<group>"; };
		04B87D681D3A61DB005AD6BF /* Assets.xcassets */ = {isa = PBXFileReference; lastKnownFileType = folder.assetcatalog; path = Assets.xcassets; sourceTree = "<group>"; };
		04B87D6B1D3A61DB005AD6BF /* Base */ = {isa = PBXFileReference; lastKnownFileType = file.storyboard; name = Base; path = Base.lproj/LaunchScreen.storyboard; sourceTree = "<group>"; };
		04B87D6D1D3A61DB005AD6BF /* Info.plist */ = {isa = PBXFileReference; lastKnownFileType = text.plist.xml; path = Info.plist; sourceTree = "<group>"; };
/* End PBXFileReference section */

/* Begin PBXFrameworksBuildPhase section */
		04B87D561D3A61DB005AD6BF /* Frameworks */ = {
			isa = PBXFrameworksBuildPhase;
			buildActionMask = 2147483647;
			files = (
			);
			runOnlyForDeploymentPostprocessing = 0;
		};
/* End PBXFrameworksBuildPhase section */

/* Begin PBXGroup section */
		04B87D501D3A61DB005AD6BF = {
			isa = PBXGroup;
			children = (
				04B87D5B1D3A61DB005AD6BF /* Cover_Flow */,
				04B87D5A1D3A61DB005AD6BF /* Products */,
			);
			sourceTree = "<group>";
		};
		04B87D5A1D3A61DB005AD6BF /* Products */ = {
			isa = PBXGroup;
			children = (
				04B87D591D3A61DB005AD6BF /* Cover_Flow.app */,
			);
			name = Products;
			sourceTree = "<group>";
		};
		04B87D5B1D3A61DB005AD6BF /* Cover_Flow */ = {
			isa = PBXGroup;
			children = (
				04B87D5F1D3A61DB005AD6BF /* AppDelegate.h */,
				04B87D601D3A61DB005AD6BF /* AppDelegate.m */,
				04B87D621D3A61DB005AD6BF /* ViewController.h */,
				04B87D631D3A61DB005AD6BF /* ViewController.m */,
				04B87D651D3A61DB005AD6BF /* Main.storyboard */,
				04B87D681D3A61DB005AD6BF /* Assets.xcassets */,
				04B87D6A1D3A61DB005AD6BF /* LaunchScreen.storyboard */,
				04B87D6D1D3A61DB005AD6BF /* Info.plist */,
				04B87D5C1D3A61DB005AD6BF /* Supporting Files */,
			);
			path = Cover_Flow;
			sourceTree = "<group>";
		};
		04B87D5C1D3A61DB005AD6BF /* Supporting Files */ = {
			isa = PBXGroup;
			children = (
				04B87D5D1D3A61DB005AD6BF /* main.m */,
			);
			name = "Supporting Files";
			sourceTree = "<group>";
		};
/* End PBXGroup section */

/* Begin PBXNativeTarget section */
		04B87D581D3A61DB005AD6BF /* Cover_Flow */ = {
			isa = PBXNativeTarget;
			buildConfigurationList = 04B87D701D3A61DB005AD6BF /* Build configuration list for PBXNativeTarget "Cover_Flow" */;
			buildPhases = (
				04B87D551D3A61DB005AD6BF /* Sources */,
				04B87D561D3A61DB005AD6BF /* Frameworks */,
				04B87D571D3A61DB005AD6BF /* Resources */,
			);
			buildRules = (
			);
			dependencies = (
			);
			name = Cover_Flow;
			productName = Cover_Flow;
			productReference = 04B87D591D3A61DB005AD6BF /* Cover_Flow.app */;
			productType = "com.apple.product-type.application";
		};
/* End PBXNativeTarget section */

/* Begin PBXProject section */
		04B87D511D3A61DB005AD6BF /* Project object */ = {
			isa = PBXProject;
			attributes = {
				LastUpgradeCheck = 0720;
				ORGANIZATIONNAME = wxy;
				TargetAttributes = {
					04B87D581D3A61DB005AD6BF = {
						CreatedOnToolsVersion = 7.2;
					};
				};
			};
			buildConfigurationList = 04B87D541D3A61DB005AD6BF /* Build configuration list for PBXProject "Cover_Flow" */;
			compatibilityVersion = "Xcode 3.2";
			developmentRegion = English;
			hasScannedForEncodings = 0;
			knownRegions = (
				en,
				Base,
			);
			mainGroup = 04B87D501D3A61DB005AD6BF;
			productRefGroup = 04B87D5A1D3A61DB005AD6BF /* Products */;
			projectDirPath = "";
			projectRoot = "";
			targets = (
				04B87D581D3A61DB005AD6BF /* Cover_Flow */,
			);
		};
/* End PBXProject section */

/* Begin PBXResourcesBuildPhase section */
		04B87D571D3A61DB005AD6BF /* Resources */ = {
			isa = PBXResourcesBuildPhase;
			buildActionMask = 2147483647;
			files = (
				04B87D6C1D3A61DB005AD6BF /* LaunchScreen.storyboard in Resources */,
				04B87D691D3A61DB005AD6BF /* Assets.xcassets in Resources */,
				04B87D671D3A61DB005AD6BF /* Main.storyboard in Resources */,
			);
			runOnlyForDeploymentPostprocessing = 0;
		};
/* End PBXResourcesBuildPhase section */

/* Begin PBXSourcesBuildPhase section */
		04B87D551D3A61DB005AD6BF /* Sources */ = {
			isa = PBXSourcesBuildPhase;
			buildActionMask = 2147483647;
			files = (
				04B87D641D3A61DB005AD6BF /* ViewController.m in Sources */,
				04B87D611D3A61DB005AD6BF /* AppDelegate.m in Sources */,
				04B87D5E1D3A61DB005AD6BF /* main.m in Sources */,
			);
			runOnlyForDeploymentPostprocessing = 0;
		};
/* End PBXSourcesBuildPhase section */

/* Begin PBXVariantGroup section */
		04B87D651D3A61DB005AD6BF /* Main.storyboard */ = {
			isa = PBXVariantGroup;
			children = (
				04B87D661D3A61DB005AD6BF /* Base */,
			);
			name = Main.storyboard;
			sourceTree = "<group>";
		};
		04B87D6A1D3A61DB005AD6BF /* LaunchScreen.storyboard */ = {
			isa = PBXVariantGroup;
			children = (
				04B87D6B1D3A61DB005AD6BF /* Base */,
			);
			name = LaunchScreen.storyboard;
			sourceTree = "<group>";
		};
/* End PBXVariantGroup section */

/* Begin XCBuildConfiguration section */
		04B87D6E1D3A61DB005AD6BF /* Debug */ = {
			isa = XCBuildConfiguration;
			buildSettings = {
				ALWAYS_SEARCH_USER_PATHS = NO;
				CLANG_CXX_LANGUAGE_STANDARD = "gnu++0x";
				CLANG_CXX_LIBRARY = "libc++";
				CLANG_ENABLE_MODULES = YES;
				CLANG_ENABLE_OBJC_ARC = YES;
				CLANG_WARN_BOOL_CONVERSION = YES;
				CLANG_WARN_CONSTANT_CONVERSION = YES;
				CLANG_WARN_DIRECT_OBJC_ISA_USAGE = YES_ERROR;
				CLANG_WARN_EMPTY_BODY = YES;
				CLANG_WARN_ENUM_CONVERSION = YES;
				CLANG_WARN_INT_CONVERSION = YES;
				CLANG_WARN_OBJC_ROOT_CLASS = YES_ERROR;
				CLANG_WARN_UNREACHABLE_CODE = YES;
				CLANG_WARN__DUPLICATE_METHOD_MATCH = YES;
				"CODE_SIGN_IDENTITY[sdk=iphoneos*]" = "iPhone Developer";
				COPY_PHASE_STRIP = NO;
				DEBUG_INFORMATION_FORMAT = dwarf;
				ENABLE_STRICT_OBJC_MSGSEND = YES;
				ENABLE_TESTABILITY = YES;
				GCC_C_LANGUAGE_STANDARD = gnu99;
				GCC_DYNAMIC_NO_PIC = NO;
				GCC_NO_COMMON_BLOCKS = YES;
				GCC_OPTIMIZATION_LEVEL = 0;
				GCC_PREPROCESSOR_DEFINITIONS = (
					"DEBUG=1",
					"$(inherited)",
				);
				GCC_WARN_64_TO_32_BIT_CONVERSION = YES;
				GCC_WARN_ABOUT_RETURN_TYPE = YES_ERROR;
				GCC_WARN_UNDECLARED_SELECTOR = YES;
				GCC_WARN_UNINITIALIZED_AUTOS = YES_AGGRESSIVE;
				GCC_WARN_UNUSED_FUNCTION = YES;
				GCC_WARN_UNUSED_VARIABLE = YES;
				IPHONEOS_DEPLOYMENT_TARGET = 9.2;
				MTL_ENABLE_DEBUG_INFO = YES;
				ONLY_ACTIVE_ARCH = YES;
				SDKROOT = iphoneos;
				TARGETED_DEVICE_FAMILY = "1,2";
			};
			name = Debug;
		};
		04B87D6F1D3A61DB005AD6BF /* Release */ = {
			isa = XCBuildConfiguration;
			buildSettings = {
				ALWAYS_SEARCH_USER_PATHS = NO;
				CLANG_CXX_LANGUAGE_STANDARD = "gnu++0x";
				CLANG_CXX_LIBRARY = "libc++";
				CLANG_ENABLE_MODULES = YES;
				CLANG_ENABLE_OBJC_ARC = YES;
				CLANG_WARN_BOOL_CONVERSION = YES;
				CLANG_WARN_CONSTANT_CONVERSION = YES;
				CLANG_WARN_DIRECT_OBJC_ISA_USAGE = YES_ERROR;
				CLANG_WARN_EMPTY_BODY = YES;
				CLANG_WARN_ENUM_CONVERSION = YES;
				CLANG_WARN_INT_CONVERSION = YES;
				CLANG_WARN_OBJC_ROOT_CLASS = YES_ERROR;
				CLANG_WARN_UNREACHABLE_CODE = YES;
				CLANG_WARN__DUPLICATE_METHOD_MATCH = YES;
				"CODE_SIGN_IDENTITY[sdk=iphoneos*]" = "iPhone Developer";
				COPY_PHASE_STRIP = NO;
				DEBUG_INFORMATION_FORMAT = "dwarf-with-dsym";
				ENABLE_NS_ASSERTIONS = NO;
				ENABLE_STRICT_OBJC_MSGSEND = YES;
				GCC_C_LANGUAGE_STANDARD = gnu99;
				GCC_NO_COMMON_BLOCKS = YES;
				GCC_WARN_64_TO_32_BIT_CONVERSION = YES;
				GCC_WARN_ABOUT_RETURN_TYPE = YES_ERROR;
				GCC_WARN_UNDECLARED_SELECTOR = YES;
				GCC_WARN_UNINITIALIZED_AUTOS = YES_AGGRESSIVE;
				GCC_WARN_UNUSED_FUNCTION = YES;
				GCC_WARN_UNUSED_VARIABLE = YES;
				IPHONEOS_DEPLOYMENT_TARGET = 9.2;
				MTL_ENABLE_DEBUG_INFO = NO;
				SDKROOT = iphoneos;
				TARGETED_DEVICE_FAMILY = "1,2";
				VALIDATE_PRODUCT = YES;
			};
			name = Release;
		};
		04B87D711D3A61DB005AD6BF /* Debug */ = {
			isa = XCBuildConfiguration;
			buildSettings = {
				ASSETCATALOG_COMPILER_APPICON_NAME = AppIcon;
				INFOPLIST_FILE = Cover_Flow/Info.plist;
				LD_RUNPATH_SEARCH_PATHS = "$(inherited) @executable_path/Frameworks";
				PRODUCT_BUNDLE_IDENTIFIER = "com.itwxy.Cover-Flow";
				PRODUCT_NAME = "$(TARGET_NAME)";
			};
			name = Debug;
		};
		04B87D721D3A61DB005AD6BF /* Release */ = {
			isa = XCBuildConfiguration;
			buildSettings = {
				ASSETCATALOG_COMPILER_APPICON_NAME = AppIcon;
				INFOPLIST_FILE = Cover_Flow/Info.plist;
				LD_RUNPATH_SEARCH_PATHS = "$(inherited) @executable_path/Frameworks";
				PRODUCT_BUNDLE_IDENTIFIER = "com.itwxy.Cover-Flow";
				PRODUCT_NAME = "$(TARGET_NAME)";
			};
			name = Release;
		};
/* End XCBuildConfiguration section */

/* Begin XCConfigurationList section */
		04B87D541D3A61DB005AD6BF /* Build configuration list for PBXProject "Cover_Flow" */ = {
			isa = XCConfigurationList;
			buildConfigurations = (
				04B87D6E1D3A61DB005AD6BF /* Debug */,
				04B87D6F1D3A61DB005AD6BF /* Release */,
			);
			defaultConfigurationIsVisible = 0;
			defaultConfigurationName = Release;
		};
		04B87D701D3A61DB005AD6BF /* Build configuration list for PBXNativeTarget "Cover_Flow" */ = {
			isa = XCConfigurationList;
			buildConfigurations = (
				04B87D711D3A61DB005AD6BF /* Debug */,
				04B87D721D3A61DB005AD6BF /* Release */,
			);
			defaultConfigurationIsVisible = 0;
		};
/* End XCConfigurationList section */
	};
	rootObject = 04B87D511D3A61DB005AD6BF /* Project object */;
}
